
Microsoft Visual Studio Solution File, Format Version 12.00
# Visual Studio Version 16
VisualStudioVersion = 16.0.30114.105
MinimumVisualStudioVersion = 10.0.40219.1
Project("{9A19103F-16F7-4668-BE54-9A1E7A4F7556}") = "Demo.UI", "Demo.UI\Demo.UI.csproj", "{EADC2073-23E5-49AE-8194-0F6E238CDA9E}"
EndProject
Project("{C7167F0D-BC9F-4E6E-AFE1-012C56B48DB5}") = "Installer", "Installer\Installer.wapproj", "{32E90DC9-61B9-485D-B0D3-614D3629C889}"
EndProject
Global
	GlobalSection(SolutionConfigurationPlatforms) = preSolution
		Debug|x64 = Debug|x64
		Debug|x86 = Debug|x86
		Release|x64 = Release|x64
		Release|x86 = Release|x86
	EndGlobalSection
	GlobalSection(ProjectConfigurationPlatforms) = postSolution
		{EADC2073-23E5-49AE-8194-0F6E238CDA9E}.Debug|x64.ActiveCfg = Debug|x64
		{EADC2073-23E5-49AE-8194-0F6E238CDA9E}.Debug|x64.Build.0 = Debug|x64
		{EADC2073-23E5-49AE-8194-0F6E238CDA9E}.Debug|x86.ActiveCfg = Debug|x86
		{EADC2073-23E5-49AE-8194-0F6E238CDA9E}.Debug|x86.Build.0 = Debug|x86
		{EADC2073-23E5-49AE-8194-0F6E238CDA9E}.Release|x64.ActiveCfg = Release|x64
		{EADC2073-23E5-49AE-8194-0F6E238CDA9E}.Release|x64.Build.0 = Release|x64
		{EADC2073-23E5-49AE-8194-0F6E238CDA9E}.Release|x86.ActiveCfg = Release|x86
		{EADC2073-23E5-49AE-8194-0F6E238CDA9E}.Release|x86.Build.0 = Release|x86
		{32E90DC9-61B9-485D-B0D3-614D3629C889}.Debug|x64.ActiveCfg = Debug|x64
		{32E90DC9-61B9-485D-B0D3-614D3629C889}.Debug|x64.Build.0 = Debug|x64
		{32E90DC9-61B9-485D-B0D3-614D3629C889}.Debug|x64.Deploy.0 = Debug|x64
		{32E90DC9-61B9-485D-B0D3-614D3629C889}.Debug|x86.ActiveCfg = Debug|x86
		{32E90DC9-61B9-485D-B0D3-614D3629C889}.Debug|x86.Build.0 = Debug|x86
		{32E90DC9-61B9-485D-B0D3-614D3629C889}.Debug|x86.Deploy.0 = Debug|x86
		{32E90DC9-61B9-485D-B0D3-614D3629C889}.Release|x64.ActiveCfg = Release|x64
		{32E90DC9-61B9-485D-B0D3-614D3629C889}.Release|x64.Build.0 = Release|x64
		{32E90DC9-61B9-485D-B0D3-614D3629C889}.Release|x64.Deploy.0 = Release|x64
		{32E90DC9-61B9-485D-B0D3-614D3629C889}.Release|x86.ActiveCfg = Release|x86
		{32E90DC9-61B9-485D-B0D3-614D3629C889}.Release|x86.Build.0 = Release|x86
		{32E90DC9-61B9-485D-B0D3-614D3629C889}.Release|x86.Deploy.0 = Release|x86
	EndGlobalSection
	GlobalSection(SolutionProperties) = preSolution
		HideSolutionNode = FALSE
	EndGlobalSection
	GlobalSection(ExtensibilityGlobals) = postSolution
		SolutionGuid = {8E956539-2E03-4CD2-9E52-CD67D263D38E}
	EndGlobalSection
EndGlobal
